
Microsoft Visual Studio Solution File, Format Version 12.00
# Visual Studio Version 17
VisualStudioVersion = 17.2.32616.157
MinimumVisualStudioVersion = 10.0.40219.1
Project("{FAE04EC0-301F-11D3-BF4B-00C04F79EFBC}") = "AppCustoViagem.Android", "AppCustoViagem\AppCustoViagem.Android\AppCustoViagem.Android.csproj", "{82E3C720-704E-4E75-9BE9-DACB324EFCA8}"
EndProject
Project("{FAE04EC0-301F-11D3-BF4B-00C04F79EFBC}") = "AppCustoViagem", "AppCustoViagem\AppCustoViagem\AppCustoViagem.csproj", "{AE1FA7BF-97CB-456D-8B02-BF8B790586E8}"
EndProject
Global
	GlobalSection(SolutionConfigurationPlatforms) = preSolution
		Debug|Any CPU = Debug|Any CPU
		Release|Any CPU = Release|Any CPU
	EndGlobalSection
	GlobalSection(ProjectConfigurationPlatforms) = postSolution
		{82E3C720-704E-4E75-9BE9-DACB324EFCA8}.Debug|Any CPU.ActiveCfg = Debug|Any CPU
		{82E3C720-704E-4E75-9BE9-DACB324EFCA8}.Debug|Any CPU.Build.0 = Debug|Any CPU
		{82E3C720-704E-4E75-9BE9-DACB324EFCA8}.Debug|Any CPU.Deploy.0 = Debug|Any CPU
		{82E3C720-704E-4E75-9BE9-DACB324EFCA8}.Release|Any CPU.ActiveCfg = Release|Any CPU
		{82E3C720-704E-4E75-9BE9-DACB324EFCA8}.Release|Any CPU.Build.0 = Release|Any CPU
		{82E3C720-704E-4E75-9BE9-DACB324EFCA8}.Release|Any CPU.Deploy.0 = Release|Any CPU
		{AE1FA7BF-97CB-456D-8B02-BF8B790586E8}.Debug|Any CPU.ActiveCfg = Debug|Any CPU
		{AE1FA7BF-97CB-456D-8B02-BF8B790586E8}.Debug|Any CPU.Build.0 = Debug|Any CPU
		{AE1FA7BF-97CB-456D-8B02-BF8B790586E8}.Debug|Any CPU.Deploy.0 = Debug|Any CPU
		{AE1FA7BF-97CB-456D-8B02-BF8B790586E8}.Release|Any CPU.ActiveCfg = Release|Any CPU
		{AE1FA7BF-97CB-456D-8B02-BF8B790586E8}.Release|Any CPU.Build.0 = Release|Any CPU
		{AE1FA7BF-97CB-456D-8B02-BF8B790586E8}.Release|Any CPU.Deploy.0 = Release|Any CPU
	EndGlobalSection
	GlobalSection(SolutionProperties) = preSolution
		HideSolutionNode = FALSE
	EndGlobalSection
	GlobalSection(ExtensibilityGlobals) = postSolution
		SolutionGuid = {F4E2698D-FE58-409A-8B46-8EA21D3A9361}
	EndGlobalSection
EndGlobal
